PODS:
  - FMDB (2.7.5):
    - FMDB/standard (= 2.7.5)
  - FMDB/standard (2.7.5)
  - MBProgressHUD (1.2.0)

DEPENDENCIES:
  - FMDB
  - MBProgressHUD

SPEC REPOS:
  trunk:
    - FMDB
    - MBProgressHUD

SPEC CHECKSUMS:
  FMDB: 2ce00b547f966261cd18927a3ddb07cb6f3db82a
  MBProgressHUD: 3ee5efcc380f6a79a7cc9b363dd669c5e1ae7406

PODFILE CHECKSUM: bbbe3ad82f7348f83bdb3f47ee832d23ec20b370

COCOAPODS: 1.12.0
