// !$*UTF8*$!
{
	archiveVersion = 1;
	classes = {
	};
	objectVersion = 55;
	objects = {

/* Begin PBXBuildFile section */
		03E19F3E29D55CBE00EE47D5 /* AppDelegate.m in Sources */ = {isa = PBXBuildFile; fileRef = 03E19F3D29D55CBE00EE47D5 /* AppDelegate.m */; };
		03E19F4129D55CBE00EE47D5 /* SceneDelegate.m in Sources */ = {isa = PBXBuildFile; fileRef = 03E19F4029D55CBE00EE47D5 /* SceneDelegate.m */; };
		03E19F4429D55CBE00EE47D5 /* ViewController.m in Sources */ = {isa = PBXBuildFile; fileRef = 03E19F4329D55CBE00EE47D5 /* ViewController.m */; };
		03E19F4729D55CBE00EE47D5 /* Main.storyboard in Resources */ = {isa = PBXBuildFile; fileRef = 03E19F4529D55CBE00EE47D5 /* Main.storyboard */; };
		03E19F4929D55CBF00EE47D5 /* Assets.xcassets in Resources */ = {isa = PBXBuildFile; fileRef = 03E19F4829D55CBF00EE47D5 /* Assets.xcassets */; };
		03E19F4C29D55CBF00EE47D5 /* LaunchScreen.storyboard in Resources */ = {isa = PBXBuildFile; fileRef = 03E19F4A29D55CBF00EE47D5 /* LaunchScreen.storyboard */; };
		03E19F4F29D55CBF00EE47D5 /* main.m in Sources */ = {isa = PBXBuildFile; fileRef = 03E19F4E29D55CBF00EE47D5 /* main.m */; };
		03E19F6F29D5709200EE47D5 /* MBProgressHUD+GXD.m in Sources */ = {isa = PBXBuildFile; fileRef = 03E19F5829D5709200EE47D5 /* MBProgressHUD+GXD.m */; };
		03E19F7029D5709200EE47D5 /* PDBluetoothManager.m in Sources */ = {isa = PBXBuildFile; fileRef = 03E19F5B29D5709200EE47D5 /* PDBluetoothManager.m */; };
		03E19F7129D5709200EE47D5 /* UIColor+FFCSColor.m in Sources */ = {isa = PBXBuildFile; fileRef = 03E19F5E29D5709200EE47D5 /* UIColor+FFCSColor.m */; };
		03E19F7229D5709200EE47D5 /* UIView+GXDXib.m in Sources */ = {isa = PBXBuildFile; fileRef = 03E19F6029D5709200EE47D5 /* UIView+GXDXib.m */; };
		03E19F7329D5709200EE47D5 /* UIImage+Category.m in Sources */ = {isa = PBXBuildFile; fileRef = 03E19F6129D5709200EE47D5 /* UIImage+Category.m */; };
		03E19F7429D5709200EE47D5 /* NSString+Category.m in Sources */ = {isa = PBXBuildFile; fileRef = 03E19F6229D5709200EE47D5 /* NSString+Category.m */; };
		03E19F7629D5709200EE47D5 /* PDFileManager.m in Sources */ = {isa = PBXBuildFile; fileRef = 03E19F6B29D5709200EE47D5 /* PDFileManager.m */; };
		03E19F7729D5709200EE47D5 /* MAUserDefaults.m in Sources */ = {isa = PBXBuildFile; fileRef = 03E19F6D29D5709200EE47D5 /* MAUserDefaults.m */; };
		C4143115CC8DB3E471B35CD8 /* Pods_WeefineTestTool.framework in Frameworks */ = {isa = PBXBuildFile; fileRef = 6676402DBB238C55D7B356E4 /* Pods_WeefineTestTool.framework */; };
/* End PBXBuildFile section */

/* Begin PBXFileReference section */
		03E19F3929D55CBE00EE47D5 /* WeefineTestTool.app */ = {isa = PBXFileReference; explicitFileType = wrapper.application; includeInIndex = 0; path = WeefineTestTool.app; sourceTree = BUILT_PRODUCTS_DIR; };
		03E19F3C29D55CBE00EE47D5 /* AppDelegate.h */ = {isa = PBXFileReference; lastKnownFileType = sourcecode.c.h; path = AppDelegate.h; sourceTree = "<group>"; };
		03E19F3D29D55CBE00EE47D5 /* AppDelegate.m */ = {isa = PBXFileReference; lastKnownFileType = sourcecode.c.objc; path = AppDelegate.m; sourceTree = "<group>"; };
		03E19F3F29D55CBE00EE47D5 /* SceneDelegate.h */ = {isa = PBXFileReference; lastKnownFileType = sourcecode.c.h; path = SceneDelegate.h; sourceTree = "<group>"; };
		03E19F4029D55CBE00EE47D5 /* SceneDelegate.m */ = {isa = PBXFileReference; lastKnownFileType = sourcecode.c.objc; path = SceneDelegate.m; sourceTree = "<group>"; };
		03E19F4229D55CBE00EE47D5 /* ViewController.h */ = {isa = PBXFileReference; lastKnownFileType = sourcecode.c.h; path = ViewController.h; sourceTree = "<group>"; };
		03E19F4329D55CBE00EE47D5 /* ViewController.m */ = {isa = PBXFileReference; lastKnownFileType = sourcecode.c.objc; path = ViewController.m; sourceTree = "<group>"; };
		03E19F4629D55CBE00EE47D5 /* Base */ = {isa = PBXFileReference; lastKnownFileType = file.storyboard; name = Base; path = Base.lproj/Main.storyboard; sourceTree = "<group>"; };
		03E19F4829D55CBF00EE47D5 /* Assets.xcassets */ = {isa = PBXFileReference; lastKnownFileType = folder.assetcatalog; path = Assets.xcassets; sourceTree = "<group>"; };
		03E19F4B29D55CBF00EE47D5 /* Base */ = {isa = PBXFileReference; lastKnownFileType = file.storyboard; name = Base; path = Base.lproj/LaunchScreen.storyboard; sourceTree = "<group>"; };
		03E19F4D29D55CBF00EE47D5 /* Info.plist */ = {isa = PBXFileReference; lastKnownFileType = text.plist.xml; path = Info.plist; sourceTree = "<group>"; };
		03E19F4E29D55CBF00EE47D5 /* main.m */ = {isa = PBXFileReference; lastKnownFileType = sourcecode.c.objc; path = main.m; sourceTree = "<group>"; };
		03E19F5829D5709200EE47D5 /* MBProgressHUD+GXD.m */ = {isa = PBXFileReference; fileEncoding = 4; lastKnownFileType = sourcecode.c.objc; path = "MBProgressHUD+GXD.m"; sourceTree = "<group>"; };
		03E19F5929D5709200EE47D5 /* MBProgressHUD+GXD.h */ = {isa = PBXFileReference; fileEncoding = 4; lastKnownFileType = sourcecode.c.h; path = "MBProgressHUD+GXD.h"; sourceTree = "<group>"; };
		03E19F5B29D5709200EE47D5 /* PDBluetoothManager.m */ = {isa = PBXFileReference; fileEncoding = 4; lastKnownFileType = sourcecode.c.objc; path = PDBluetoothManager.m; sourceTree = "<group>"; };
		03E19F5C29D5709200EE47D5 /* PDBluetoothManager.h */ = {isa = PBXFileReference; fileEncoding = 4; lastKnownFileType = sourcecode.c.h; path = PDBluetoothManager.h; sourceTree = "<group>"; };
		03E19F5E29D5709200EE47D5 /* UIColor+FFCSColor.m */ = {isa = PBXFileReference; fileEncoding = 4; lastKnownFileType = sourcecode.c.objc; path = "UIColor+FFCSColor.m"; sourceTree = "<group>"; };
		03E19F5F29D5709200EE47D5 /* NSString+Category.h */ = {isa = PBXFileReference; fileEncoding = 4; lastKnownFileType = sourcecode.c.h; path = "NSString+Category.h"; sourceTree = "<group>"; };
		03E19F6029D5709200EE47D5 /* UIView+GXDXib.m */ = {isa = PBXFileReference; fileEncoding = 4; lastKnownFileType = sourcecode.c.objc; path = "UIView+GXDXib.m"; sourceTree = "<group>"; };
		03E19F6129D5709200EE47D5 /* UIImage+Category.m */ = {isa = PBXFileReference; fileEncoding = 4; lastKnownFileType = sourcecode.c.objc; path = "UIImage+Category.m"; sourceTree = "<group>"; };
		03E19F6229D5709200EE47D5 /* NSString+Category.m */ = {isa = PBXFileReference; fileEncoding = 4; lastKnownFileType = sourcecode.c.objc; path = "NSString+Category.m"; sourceTree = "<group>"; };
		03E19F6329D5709200EE47D5 /* UIColor+FFCSColor.h */ = {isa = PBXFileReference; fileEncoding = 4; lastKnownFileType = sourcecode.c.h; path = "UIColor+FFCSColor.h"; sourceTree = "<group>"; };
		03E19F6429D5709200EE47D5 /* UIImage+Category.h */ = {isa = PBXFileReference; fileEncoding = 4; lastKnownFileType = sourcecode.c.h; path = "UIImage+Category.h"; sourceTree = "<group>"; };
		03E19F6529D5709200EE47D5 /* UIView+GXDXib.h */ = {isa = PBXFileReference; fileEncoding = 4; lastKnownFileType = sourcecode.c.h; path = "UIView+GXDXib.h"; sourceTree = "<group>"; };
		03E19F6A29D5709200EE47D5 /* PDFileManager.h */ = {isa = PBXFileReference; fileEncoding = 4; lastKnownFileType = sourcecode.c.h; path = PDFileManager.h; sourceTree = "<group>"; };
		03E19F6B29D5709200EE47D5 /* PDFileManager.m */ = {isa = PBXFileReference; fileEncoding = 4; lastKnownFileType = sourcecode.c.objc; path = PDFileManager.m; sourceTree = "<group>"; };
		03E19F6D29D5709200EE47D5 /* MAUserDefaults.m */ = {isa = PBXFileReference; fileEncoding = 4; lastKnownFileType = sourcecode.c.objc; path = MAUserDefaults.m; sourceTree = "<group>"; };
		03E19F6E29D5709200EE47D5 /* MAUserDefaults.h */ = {isa = PBXFileReference; fileEncoding = 4; lastKnownFileType = sourcecode.c.h; path = MAUserDefaults.h; sourceTree = "<group>"; };
		03E19F7829D570D700EE47D5 /* PrefixHeader.pch */ = {isa = PBXFileReference; fileEncoding = 4; lastKnownFileType = sourcecode.c.h; path = PrefixHeader.pch; sourceTree = "<group>"; };
		03E19F7929D570D700EE47D5 /* CommonDefines.h */ = {isa = PBXFileReference; fileEncoding = 4; lastKnownFileType = sourcecode.c.h; path = CommonDefines.h; sourceTree = "<group>"; };
		1E523DD7B9CE6DD14E4F6300 /* Pods-WeefineTestTool.debug.xcconfig */ = {isa = PBXFileReference; includeInIndex = 1; lastKnownFileType = text.xcconfig; name = "Pods-WeefineTestTool.debug.xcconfig"; path = "Target Support Files/Pods-WeefineTestTool/Pods-WeefineTestTool.debug.xcconfig"; sourceTree = "<group>"; };
		6676402DBB238C55D7B356E4 /* Pods_WeefineTestTool.framework */ = {isa = PBXFileReference; explicitFileType = wrapper.framework; includeInIndex = 0; path = Pods_WeefineTestTool.framework; sourceTree = BUILT_PRODUCTS_DIR; };
		9BBEF6830C5C8BF4F64E8C0C /* Pods-WeefineTestTool.release.xcconfig */ = {isa = PBXFileReference; includeInIndex = 1; lastKnownFileType = text.xcconfig; name = "Pods-WeefineTestTool.release.xcconfig"; path = "Target Support Files/Pods-WeefineTestTool/Pods-WeefineTestTool.release.xcconfig"; sourceTree = "<group>"; };
/* End PBXFileReference section */

/* Begin PBXFrameworksBuildPhase section */
		03E19F3629D55CBE00EE47D5 /* Frameworks */ = {
			isa = PBXFrameworksBuildPhase;
			buildActionMask = 2147483647;
			files = (
				C4143115CC8DB3E471B35CD8 /* Pods_WeefineTestTool.framework in Frameworks */,
			);
			runOnlyForDeploymentPostprocessing = 0;
		};
/* End PBXFrameworksBuildPhase section */

/* Begin PBXGroup section */
		03E19F3029D55CBE00EE47D5 = {
			isa = PBXGroup;
			children = (
				03E19F3B29D55CBE00EE47D5 /* WeefineTestTool */,
				03E19F3A29D55CBE00EE47D5 /* Products */,
				1EF5171C5CB90E191B9AFAEA /* Pods */,
				34ABE1C928D7A785ED03FFF6 /* Frameworks */,
			);
			sourceTree = "<group>";
		};
		03E19F3A29D55CBE00EE47D5 /* Products */ = {
			isa = PBXGroup;
			children = (
				03E19F3929D55CBE00EE47D5 /* WeefineTestTool.app */,
			);
			name = Products;
			sourceTree = "<group>";
		};
		03E19F3B29D55CBE00EE47D5 /* WeefineTestTool */ = {
			isa = PBXGroup;
			children = (
				03E19F5529D5705100EE47D5 /* Main */,
				03E19F7A29D570EC00EE47D5 /* ViewController */,
				03E19F7B29D570F400EE47D5 /* Model */,
				03E19F5629D5706E00EE47D5 /* Tool */,
			);
			path = WeefineTestTool;
			sourceTree = "<group>";
		};
		03E19F5529D5705100EE47D5 /* Main */ = {
			isa = PBXGroup;
			children = (
				03E19F7929D570D700EE47D5 /* CommonDefines.h */,
				03E19F7829D570D700EE47D5 /* PrefixHeader.pch */,
				03E19F3C29D55CBE00EE47D5 /* AppDelegate.h */,
				03E19F3D29D55CBE00EE47D5 /* AppDelegate.m */,
				03E19F3F29D55CBE00EE47D5 /* SceneDelegate.h */,
				03E19F4029D55CBE00EE47D5 /* SceneDelegate.m */,
				03E19F4829D55CBF00EE47D5 /* Assets.xcassets */,
				03E19F4A29D55CBF00EE47D5 /* LaunchScreen.storyboard */,
				03E19F4D29D55CBF00EE47D5 /* Info.plist */,
				03E19F4E29D55CBF00EE47D5 /* main.m */,
			);
			path = Main;
			sourceTree = "<group>";
		};
		03E19F5629D5706E00EE47D5 /* Tool */ = {
			isa = PBXGroup;
			children = (
				03E19F5A29D5709200EE47D5 /* BluetoothManager */,
				03E19F5D29D5709200EE47D5 /* Category */,
				03E19F6929D5709200EE47D5 /* FileManager */,
				03E19F5729D5709200EE47D5 /* HUD */,
				03E19F6C29D5709200EE47D5 /* UserDefaults */,
			);
			path = Tool;
			sourceTree = "<group>";
		};
		03E19F5729D5709200EE47D5 /* HUD */ = {
			isa = PBXGroup;
			children = (
				03E19F5929D5709200EE47D5 /* MBProgressHUD+GXD.h */,
				03E19F5829D5709200EE47D5 /* MBProgressHUD+GXD.m */,
			);
			path = HUD;
			sourceTree = "<group>";
		};
		03E19F5A29D5709200EE47D5 /* BluetoothManager */ = {
			isa = PBXGroup;
			children = (
				03E19F5C29D5709200EE47D5 /* PDBluetoothManager.h */,
				03E19F5B29D5709200EE47D5 /* PDBluetoothManager.m */,
			);
			path = BluetoothManager;
			sourceTree = "<group>";
		};
		03E19F5D29D5709200EE47D5 /* Category */ = {
			isa = PBXGroup;
			children = (
				03E19F5F29D5709200EE47D5 /* NSString+Category.h */,
				03E19F6229D5709200EE47D5 /* NSString+Category.m */,
				03E19F6529D5709200EE47D5 /* UIView+GXDXib.h */,
				03E19F6029D5709200EE47D5 /* UIView+GXDXib.m */,
				03E19F6429D5709200EE47D5 /* UIImage+Category.h */,
				03E19F6129D5709200EE47D5 /* UIImage+Category.m */,
				03E19F6329D5709200EE47D5 /* UIColor+FFCSColor.h */,
				03E19F5E29D5709200EE47D5 /* UIColor+FFCSColor.m */,
			);
			path = Category;
			sourceTree = "<group>";
		};
		03E19F6929D5709200EE47D5 /* FileManager */ = {
			isa = PBXGroup;
			children = (
				03E19F6A29D5709200EE47D5 /* PDFileManager.h */,
				03E19F6B29D5709200EE47D5 /* PDFileManager.m */,
			);
			path = FileManager;
			sourceTree = "<group>";
		};
		03E19F6C29D5709200EE47D5 /* UserDefaults */ = {
			isa = PBXGroup;
			children = (
				03E19F6E29D5709200EE47D5 /* MAUserDefaults.h */,
				03E19F6D29D5709200EE47D5 /* MAUserDefaults.m */,
			);
			path = UserDefaults;
			sourceTree = "<group>";
		};
		03E19F7A29D570EC00EE47D5 /* ViewController */ = {
			isa = PBXGroup;
			children = (
				03E19F4229D55CBE00EE47D5 /* ViewController.h */,
				03E19F4329D55CBE00EE47D5 /* ViewController.m */,
				03E19F4529D55CBE00EE47D5 /* Main.storyboard */,
			);
			path = ViewController;
			sourceTree = "<group>";
		};
		03E19F7B29D570F400EE47D5 /* Model */ = {
			isa = PBXGroup;
			children = (
			);
			path = Model;
			sourceTree = "<group>";
		};
		1EF5171C5CB90E191B9AFAEA /* Pods */ = {
			isa = PBXGroup;
			children = (
				1E523DD7B9CE6DD14E4F6300 /* Pods-WeefineTestTool.debug.xcconfig */,
				9BBEF6830C5C8BF4F64E8C0C /* Pods-WeefineTestTool.release.xcconfig */,
			);
			path = Pods;
			sourceTree = "<group>";
		};
		34ABE1C928D7A785ED03FFF6 /* Frameworks */ = {
			isa = PBXGroup;
			children = (
				6676402DBB238C55D7B356E4 /* Pods_WeefineTestTool.framework */,
			);
			name = Frameworks;
			sourceTree = "<group>";
		};
/* End PBXGroup section */

/* Begin PBXNativeTarget section */
		03E19F3829D55CBE00EE47D5 /* WeefineTestTool */ = {
			isa = PBXNativeTarget;
			buildConfigurationList = 03E19F5229D55CBF00EE47D5 /* Build configuration list for PBXNativeTarget "WeefineTestTool" */;
			buildPhases = (
				8B1BBEC9A4AB655EDDD40F59 /* [CP] Check Pods Manifest.lock */,
				03E19F3529D55CBE00EE47D5 /* Sources */,
				03E19F3629D55CBE00EE47D5 /* Frameworks */,
				03E19F3729D55CBE00EE47D5 /* Resources */,
				2FB6F7F38F2F4E0074129102 /* [CP] Embed Pods Frameworks */,
			);
			buildRules = (
			);
			dependencies = (
			);
			name = WeefineTestTool;
			productName = WeefineTestTool;
			productReference = 03E19F3929D55CBE00EE47D5 /* WeefineTestTool.app */;
			productType = "com.apple.product-type.application";
		};
/* End PBXNativeTarget section */

/* Begin PBXProject section */
		03E19F3129D55CBE00EE47D5 /* Project object */ = {
			isa = PBXProject;
			attributes = {
				BuildIndependentTargetsInParallel = 1;
				LastUpgradeCheck = 1420;
				TargetAttributes = {
					03E19F3829D55CBE00EE47D5 = {
						CreatedOnToolsVersion = 14.2;
					};
				};
			};
			buildConfigurationList = 03E19F3429D55CBE00EE47D5 /* Build configuration list for PBXProject "WeefineTestTool" */;
			compatibilityVersion = "Xcode 13.0";
			developmentRegion = en;
			hasScannedForEncodings = 0;
			knownRegions = (
				en,
				Base,
			);
			mainGroup = 03E19F3029D55CBE00EE47D5;
			productRefGroup = 03E19F3A29D55CBE00EE47D5 /* Products */;
			projectDirPath = "";
			projectRoot = "";
			targets = (
				03E19F3829D55CBE00EE47D5 /* WeefineTestTool */,
			);
		};
/* End PBXProject section */

/* Begin PBXResourcesBuildPhase section */
		03E19F3729D55CBE00EE47D5 /* Resources */ = {
			isa = PBXResourcesBuildPhase;
			buildActionMask = 2147483647;
			files = (
				03E19F4C29D55CBF00EE47D5 /* LaunchScreen.storyboard in Resources */,
				03E19F4929D55CBF00EE47D5 /* Assets.xcassets in Resources */,
				03E19F4729D55CBE00EE47D5 /* Main.storyboard in Resources */,
			);
			runOnlyForDeploymentPostprocessing = 0;
		};
/* End PBXResourcesBuildPhase section */

/* Begin PBXShellScriptBuildPhase section */
		2FB6F7F38F2F4E0074129102 /* [CP] Embed Pods Frameworks */ = {
			isa = PBXShellScriptBuildPhase;
			buildActionMask = 2147483647;
			files = (
			);
			inputFileListPaths = (
				"${PODS_ROOT}/Target Support Files/Pods-WeefineTestTool/Pods-WeefineTestTool-frameworks-${CONFIGURATION}-input-files.xcfilelist",
			);
			name = "[CP] Embed Pods Frameworks";
			outputFileListPaths = (
				"${PODS_ROOT}/Target Support Files/Pods-WeefineTestTool/Pods-WeefineTestTool-frameworks-${CONFIGURATION}-output-files.xcfilelist",
			);
			runOnlyForDeploymentPostprocessing = 0;
			shellPath = /bin/sh;
			shellScript = "\"${PODS_ROOT}/Target Support Files/Pods-WeefineTestTool/Pods-WeefineTestTool-frameworks.sh\"\n";
			showEnvVarsInLog = 0;
		};
		8B1BBEC9A4AB655EDDD40F59 /* [CP] Check Pods Manifest.lock */ = {
			isa = PBXShellScriptBuildPhase;
			buildActionMask = 2147483647;
			files = (
			);
			inputFileListPaths = (
			);
			inputPaths = (
				"${PODS_PODFILE_DIR_PATH}/Podfile.lock",
				"${PODS_ROOT}/Manifest.lock",
			);
			name = "[CP] Check Pods Manifest.lock";
			outputFileListPaths = (
			);
			outputPaths = (
				"$(DERIVED_FILE_DIR)/Pods-WeefineTestTool-checkManifestLockResult.txt",
			);
			runOnlyForDeploymentPostprocessing = 0;
			shellPath = /bin/sh;
			shellScript = "diff \"${PODS_PODFILE_DIR_PATH}/Podfile.lock\" \"${PODS_ROOT}/Manifest.lock\" > /dev/null\nif [ $? != 0 ] ; then\n    # print error to STDERR\n    echo \"error: The sandbox is not in sync with the Podfile.lock. Run 'pod install' or update your CocoaPods installation.\" >&2\n    exit 1\nfi\n# This output is used by Xcode 'outputs' to avoid re-running this script phase.\necho \"SUCCESS\" > \"${SCRIPT_OUTPUT_FILE_0}\"\n";
			showEnvVarsInLog = 0;
		};
/* End PBXShellScriptBuildPhase section */

/* Begin PBXSourcesBuildPhase section */
		03E19F3529D55CBE00EE47D5 /* Sources */ = {
			isa = PBXSourcesBuildPhase;
			buildActionMask = 2147483647;
			files = (
				03E19F7129D5709200EE47D5 /* UIColor+FFCSColor.m in Sources */,
				03E19F6F29D5709200EE47D5 /* MBProgressHUD+GXD.m in Sources */,
				03E19F4429D55CBE00EE47D5 /* ViewController.m in Sources */,
				03E19F7729D5709200EE47D5 /* MAUserDefaults.m in Sources */,
				03E19F7429D5709200EE47D5 /* NSString+Category.m in Sources */,
				03E19F7629D5709200EE47D5 /* PDFileManager.m in Sources */,
				03E19F7029D5709200EE47D5 /* PDBluetoothManager.m in Sources */,
				03E19F7229D5709200EE47D5 /* UIView+GXDXib.m in Sources */,
				03E19F7329D5709200EE47D5 /* UIImage+Category.m in Sources */,
				03E19F3E29D55CBE00EE47D5 /* AppDelegate.m in Sources */,
				03E19F4F29D55CBF00EE47D5 /* main.m in Sources */,
				03E19F4129D55CBE00EE47D5 /* SceneDelegate.m in Sources */,
			);
			runOnlyForDeploymentPostprocessing = 0;
		};
/* End PBXSourcesBuildPhase section */

/* Begin PBXVariantGroup section */
		03E19F4529D55CBE00EE47D5 /* Main.storyboard */ = {
			isa = PBXVariantGroup;
			children = (
				03E19F4629D55CBE00EE47D5 /* Base */,
			);
			name = Main.storyboard;
			sourceTree = "<group>";
		};
		03E19F4A29D55CBF00EE47D5 /* LaunchScreen.storyboard */ = {
			isa = PBXVariantGroup;
			children = (
				03E19F4B29D55CBF00EE47D5 /* Base */,
			);
			name = LaunchScreen.storyboard;
			sourceTree = "<group>";
		};
/* End PBXVariantGroup section */

/* Begin XCBuildConfiguration section */
		03E19F5029D55CBF00EE47D5 /* Debug */ = {
			isa = XCBuildConfiguration;
			buildSettings = {
				ALWAYS_SEARCH_USER_PATHS = NO;
				CLANG_ANALYZER_NONNULL = YES;
				CLANG_ANALYZER_NUMBER_OBJECT_CONVERSION = YES_AGGRESSIVE;
				CLANG_CXX_LANGUAGE_STANDARD = "gnu++20";
				CLANG_ENABLE_MODULES = YES;
				CLANG_ENABLE_OBJC_ARC = YES;
				CLANG_ENABLE_OBJC_WEAK = YES;
				CLANG_WARN_BLOCK_CAPTURE_AUTORELEASING = YES;
				CLANG_WARN_BOOL_CONVERSION = YES;
				CLANG_WARN_COMMA = YES;
				CLANG_WARN_CONSTANT_CONVERSION = YES;
				CLANG_WARN_DEPRECATED_OBJC_IMPLEMENTATIONS = YES;
				CLANG_WARN_DIRECT_OBJC_ISA_USAGE = YES_ERROR;
				CLANG_WARN_DOCUMENTATION_COMMENTS = YES;
				CLANG_WARN_EMPTY_BODY = YES;
				CLANG_WARN_ENUM_CONVERSION = YES;
				CLANG_WARN_INFINITE_RECURSION = YES;
				CLANG_WARN_INT_CONVERSION = YES;
				CLANG_WARN_NON_LITERAL_NULL_CONVERSION = YES;
				CLANG_WARN_OBJC_IMPLICIT_RETAIN_SELF = YES;
				CLANG_WARN_OBJC_LITERAL_CONVERSION = YES;
				CLANG_WARN_OBJC_ROOT_CLASS = YES_ERROR;
				CLANG_WARN_QUOTED_INCLUDE_IN_FRAMEWORK_HEADER = YES;
				CLANG_WARN_RANGE_LOOP_ANALYSIS = YES;
				CLANG_WARN_STRICT_PROTOTYPES = YES;
				CLANG_WARN_SUSPICIOUS_MOVE = YES;
				CLANG_WARN_UNGUARDED_AVAILABILITY = YES_AGGRESSIVE;
				CLANG_WARN_UNREACHABLE_CODE = YES;
				CLANG_WARN__DUPLICATE_METHOD_MATCH = YES;
				COPY_PHASE_STRIP = NO;
				DEBUG_INFORMATION_FORMAT = dwarf;
				ENABLE_STRICT_OBJC_MSGSEND = YES;
				ENABLE_TESTABILITY = YES;
				GCC_C_LANGUAGE_STANDARD = gnu11;
				GCC_DYNAMIC_NO_PIC = NO;
				GCC_NO_COMMON_BLOCKS = YES;
				GCC_OPTIMIZATION_LEVEL = 0;
				GCC_PREPROCESSOR_DEFINITIONS = (
					"DEBUG=1",
					"$(inherited)",
				);
				GCC_WARN_64_TO_32_BIT_CONVERSION = YES;
				GCC_WARN_ABOUT_RETURN_TYPE = YES_ERROR;
				GCC_WARN_UNDECLARED_SELECTOR = YES;
				GCC_WARN_UNINITIALIZED_AUTOS = YES_AGGRESSIVE;
				GCC_WARN_UNUSED_FUNCTION = YES;
				GCC_WARN_UNUSED_VARIABLE = YES;
				IPHONEOS_DEPLOYMENT_TARGET = 16.2;
				MTL_ENABLE_DEBUG_INFO = INCLUDE_SOURCE;
				MTL_FAST_MATH = YES;
				ONLY_ACTIVE_ARCH = YES;
				SDKROOT = iphoneos;
			};
			name = Debug;
		};
		03E19F5129D55CBF00EE47D5 /* Release */ = {
			isa = XCBuildConfiguration;
			buildSettings = {
				ALWAYS_SEARCH_USER_PATHS = NO;
				CLANG_ANALYZER_NONNULL = YES;
				CLANG_ANALYZER_NUMBER_OBJECT_CONVERSION = YES_AGGRESSIVE;
				CLANG_CXX_LANGUAGE_STANDARD = "gnu++20";
				CLANG_ENABLE_MODULES = YES;
				CLANG_ENABLE_OBJC_ARC = YES;
				CLANG_ENABLE_OBJC_WEAK = YES;
				CLANG_WARN_BLOCK_CAPTURE_AUTORELEASING = YES;
				CLANG_WARN_BOOL_CONVERSION = YES;
				CLANG_WARN_COMMA = YES;
				CLANG_WARN_CONSTANT_CONVERSION = YES;
				CLANG_WARN_DEPRECATED_OBJC_IMPLEMENTATIONS = YES;
				CLANG_WARN_DIRECT_OBJC_ISA_USAGE = YES_ERROR;
				CLANG_WARN_DOCUMENTATION_COMMENTS = YES;
				CLANG_WARN_EMPTY_BODY = YES;
				CLANG_WARN_ENUM_CONVERSION = YES;
				CLANG_WARN_INFINITE_RECURSION = YES;
				CLANG_WARN_INT_CONVERSION = YES;
				CLANG_WARN_NON_LITERAL_NULL_CONVERSION = YES;
				CLANG_WARN_OBJC_IMPLICIT_RETAIN_SELF = YES;
				CLANG_WARN_OBJC_LITERAL_CONVERSION = YES;
				CLANG_WARN_OBJC_ROOT_CLASS = YES_ERROR;
				CLANG_WARN_QUOTED_INCLUDE_IN_FRAMEWORK_HEADER = YES;
				CLANG_WARN_RANGE_LOOP_ANALYSIS = YES;
				CLANG_WARN_STRICT_PROTOTYPES = YES;
				CLANG_WARN_SUSPICIOUS_MOVE = YES;
				CLANG_WARN_UNGUARDED_AVAILABILITY = YES_AGGRESSIVE;
				CLANG_WARN_UNREACHABLE_CODE = YES;
				CLANG_WARN__DUPLICATE_METHOD_MATCH = YES;
				COPY_PHASE_STRIP = NO;
				DEBUG_INFORMATION_FORMAT = "dwarf-with-dsym";
				ENABLE_NS_ASSERTIONS = NO;
				ENABLE_STRICT_OBJC_MSGSEND = YES;
				GCC_C_LANGUAGE_STANDARD = gnu11;
				GCC_NO_COMMON_BLOCKS = YES;
				GCC_WARN_64_TO_32_BIT_CONVERSION = YES;
				GCC_WARN_ABOUT_RETURN_TYPE = YES_ERROR;
				GCC_WARN_UNDECLARED_SELECTOR = YES;
				GCC_WARN_UNINITIALIZED_AUTOS = YES_AGGRESSIVE;
				GCC_WARN_UNUSED_FUNCTION = YES;
				GCC_WARN_UNUSED_VARIABLE = YES;
				IPHONEOS_DEPLOYMENT_TARGET = 16.2;
				MTL_ENABLE_DEBUG_INFO = NO;
				MTL_FAST_MATH = YES;
				SDKROOT = iphoneos;
				VALIDATE_PRODUCT = YES;
			};
			name = Release;
		};
		03E19F5329D55CBF00EE47D5 /* Debug */ = {
			isa = XCBuildConfiguration;
			baseConfigurationReference = 1E523DD7B9CE6DD14E4F6300 /* Pods-WeefineTestTool.debug.xcconfig */;
			buildSettings = {
				ASSETCATALOG_COMPILER_APPICON_NAME = AppIcon;
				ASSETCATALOG_COMPILER_GLOBAL_ACCENT_COLOR_NAME = AccentColor;
				CODE_SIGN_STYLE = Automatic;
				CURRENT_PROJECT_VERSION = 1;
				DEVELOPMENT_TEAM = A39Q776AMJ;
				GENERATE_INFOPLIST_FILE = YES;
				INFOPLIST_FILE = WeefineTestTool/Info.plist;
				INFOPLIST_KEY_UIApplicationSupportsIndirectInputEvents = YES;
				INFOPLIST_KEY_UILaunchStoryboardName = LaunchScreen;
				INFOPLIST_KEY_UIMainStoryboardFile = Main;
				INFOPLIST_KEY_UISupportedInterfaceOrientations = UIInterfaceOrientationLandscapeRight;
				IPHONEOS_DEPLOYMENT_TARGET = 13.0;
				LD_RUNPATH_SEARCH_PATHS = (
					"$(inherited)",
					"@executable_path/Frameworks",
				);
				MARKETING_VERSION = 1.0;
				PRODUCT_BUNDLE_IDENTIFIER = com.umeing.WeefineTestTool;
				PRODUCT_NAME = "$(TARGET_NAME)";
				SWIFT_EMIT_LOC_STRINGS = YES;
				TARGETED_DEVICE_FAMILY = "1,2";
			};
			name = Debug;
		};
		03E19F5429D55CBF00EE47D5 /* Release */ = {
			isa = XCBuildConfiguration;
			baseConfigurationReference = 9BBEF6830C5C8BF4F64E8C0C /* Pods-WeefineTestTool.release.xcconfig */;
			buildSettings = {
				ASSETCATALOG_COMPILER_APPICON_NAME = AppIcon;
				ASSETCATALOG_COMPILER_GLOBAL_ACCENT_COLOR_NAME = AccentColor;
				CODE_SIGN_STYLE = Automatic;
				CURRENT_PROJECT_VERSION = 1;
				DEVELOPMENT_TEAM = A39Q776AMJ;
				GENERATE_INFOPLIST_FILE = YES;
				INFOPLIST_FILE = WeefineTestTool/Info.plist;
				INFOPLIST_KEY_UIApplicationSupportsIndirectInputEvents = YES;
				INFOPLIST_KEY_UILaunchStoryboardName = LaunchScreen;
				INFOPLIST_KEY_UIMainStoryboardFile = Main;
				INFOPLIST_KEY_UISupportedInterfaceOrientations = UIInterfaceOrientationLandscapeRight;
				IPHONEOS_DEPLOYMENT_TARGET = 13.0;
				LD_RUNPATH_SEARCH_PATHS = (
					"$(inherited)",
					"@executable_path/Frameworks",
				);
				MARKETING_VERSION = 1.0;
				PRODUCT_BUNDLE_IDENTIFIER = com.umeing.WeefineTestTool;
				PRODUCT_NAME = "$(TARGET_NAME)";
				SWIFT_EMIT_LOC_STRINGS = YES;
				TARGETED_DEVICE_FAMILY = "1,2";
			};
			name = Release;
		};
/* End XCBuildConfiguration section */

/* Begin XCConfigurationList section */
		03E19F3429D55CBE00EE47D5 /* Build configuration list for PBXProject "WeefineTestTool" */ = {
			isa = XCConfigurationList;
			buildConfigurations = (
				03E19F5029D55CBF00EE47D5 /* Debug */,
				03E19F5129D55CBF00EE47D5 /* Release */,
			);
			defaultConfigurationIsVisible = 0;
			defaultConfigurationName = Release;
		};
		03E19F5229D55CBF00EE47D5 /* Build configuration list for PBXNativeTarget "WeefineTestTool" */ = {
			isa = XCConfigurationList;
			buildConfigurations = (
				03E19F5329D55CBF00EE47D5 /* Debug */,
				03E19F5429D55CBF00EE47D5 /* Release */,
			);
			defaultConfigurationIsVisible = 0;
			defaultConfigurationName = Release;
		};
/* End XCConfigurationList section */
	};
	rootObject = 03E19F3129D55CBE00EE47D5 /* Project object */;
}
